{
  "name": "RaMP-Client_ncats",
  "lockfileVersion": 2,
  "requires": true,
  "packages": {
    "": {
      "dependencies": {
        "@angular/flex-layout": "^12.0.0-beta.35"
      }
    },
    "node_modules/@angular/cdk": {
      "version": "12.2.12",
      "resolved": "https://registry.npmjs.org/@angular/cdk/-/cdk-12.2.12.tgz",
      "integrity": "sha512-AK+74JZP95BDj9OJ1YUaRqPXkgs+oadTk7z+8omu1RcvDoUivouKxgODCQX5jI7rZeQIlnV49hEgBne07hYk4A==",
      "peer": true,
      "dependencies": {
        "tslib": "^2.2.0"
      },
      "optionalDependencies": {
        "parse5": "^5.0.0"
      },
      "peerDependencies": {
        "@angular/common": "^12.0.0 || ^13.0.0-0",
        "@angular/core": "^12.0.0 || ^13.0.0-0",
        "rxjs": "^6.5.3 || ^7.0.0"
      }
    },
    "node_modules/@angular/common": {
      "version": "13.0.0",
      "resolved": "https://registry.npmjs.org/@angular/common/-/common-13.0.0.tgz",
      "integrity": "sha512-7KNu6fcNeX71nrOAs29T/PGdO0fAHaX0mtmobIBeIwMF9qY1fqc7a1Rssp6/dUe9XlADf2sXVtx5ZQ8c6bAMsA==",
      "peer": true,
      "dependencies": {
        "tslib": "^2.3.0"
      },
      "engines": {
        "node": "^12.20.0 || ^14.15.0 || >=16.10.0"
      },
      "peerDependencies": {
        "@angular/core": "13.0.0",
        "rxjs": "^6.5.3 || ^7.4.0"
      }
    },
    "node_modules/@angular/core": {
      "version": "13.0.0",
      "resolved": "https://registry.npmjs.org/@angular/core/-/core-13.0.0.tgz",
      "integrity": "sha512-OU7VDJR4pN0yUUbhlLiHgkTK8kcJFccHMBEtx3TKenBMkFU3CRynSzz67M4zBmXHR15729/UloL/8xuvxKQsGQ==",
      "peer": true,
      "dependencies": {
        "tslib": "^2.3.0"
      },
      "engines": {
        "node": "^12.20.0 || ^14.15.0 || >=16.10.0"
      },
      "peerDependencies": {
        "rxjs": "^6.5.3 || ^7.4.0",
        "zone.js": "~0.11.4"
      }
    },
    "node_modules/@angular/flex-layout": {
      "version": "12.0.0-beta.35",
      "resolved": "https://registry.npmjs.org/@angular/flex-layout/-/flex-layout-12.0.0-beta.35.tgz",
      "integrity": "sha512-nPi2MGDFuCacwWHqxF/G7lUJd2X99HbLjjUvKXnyLwyCIVgH1sfS52su2wYbVYWJRqAVAB2/VMlrtW8Khr8hDA==",
      "dependencies": {
        "tslib": "^2.1.0"
      },
      "peerDependencies": {
        "@angular/cdk": "^12.0.0",
        "@angular/common": ">=12.0.0",
        "@angular/core": ">=12.0.0",
        "@angular/platform-browser": ">=12.0.0",
        "rxjs": "^6.0.0 || ^7.0.0"
      }
    },
    "node_modules/@angular/platform-browser": {
      "version": "13.0.0",
      "resolved": "https://registry.npmjs.org/@angular/platform-browser/-/platform-browser-13.0.0.tgz",
      "integrity": "sha512-3svk0R9UVDL0600Lf5sfFKcOrduKU17UIqrXm+iN0EBGCGostKfQb+GCFPJVZ0wUFJuXyHGovESIJX85uGhpHA==",
      "peer": true,
      "dependencies": {
        "tslib": "^2.3.0"
      },
      "engines": {
        "node": "^12.20.0 || ^14.15.0 || >=16.10.0"
      },
      "peerDependencies": {
        "@angular/animations": "13.0.0",
        "@angular/common": "13.0.0",
        "@angular/core": "13.0.0"
      },
      "peerDependenciesMeta": {
        "@angular/animations": {
          "optional": true
        }
      }
    },
    "node_modules/parse5": {
      "version": "5.1.1",
      "resolved": "https://registry.npmjs.org/parse5/-/parse5-5.1.1.tgz",
      "integrity": "sha512-ugq4DFI0Ptb+WWjAdOK16+u/nHfiIrcE+sh8kZMaM0WllQKLI9rOUq6c2b7cwPkXdzfQESqvoqK6ug7U/Yyzug==",
      "optional": true,
      "peer": true
    },
    "node_modules/rxjs": {
      "version": "7.4.0",
      "resolved": "https://registry.npmjs.org/rxjs/-/rxjs-7.4.0.tgz",
      "integrity": "sha512-7SQDi7xeTMCJpqViXh8gL/lebcwlp3d831F05+9B44A4B0WfsEwUQHR64gsH1kvJ+Ep/J9K2+n1hVl1CsGN23w==",
      "peer": true,
      "dependencies": {
        "tslib": "~2.1.0"
      }
    },
    "node_modules/rxjs/node_modules/tslib": {
      "version": "2.1.0",
      "resolved": "https://registry.npmjs.org/tslib/-/tslib-2.1.0.tgz",
      "integrity": "sha512-hcVC3wYEziELGGmEEXue7D75zbwIIVUMWAVbHItGPx0ziyXxrOMQx4rQEVEV45Ut/1IotuEvwqPopzIOkDMf0A==",
      "peer": true
    },
    "node_modules/tslib": {
      "version": "2.3.1",
      "resolved": "https://registry.npmjs.org/tslib/-/tslib-2.3.1.tgz",
      "integrity": "sha512-77EbyPPpMz+FRFRuAFlWMtmgUWGe9UOG2Z25NqCwiIjRhOf5iKGuzSe5P2w1laq+FkRy4p+PCuVkJSGkzTEKVw=="
    },
    "node_modules/zone.js": {
      "version": "0.11.4",
      "resolved": "https://registry.npmjs.org/zone.js/-/zone.js-0.11.4.tgz",
      "integrity": "sha512-DDh2Ab+A/B+9mJyajPjHFPWfYU1H+pdun4wnnk0OcQTNjem1XQSZ2CDW+rfZEUDjv5M19SBqAkjZi0x5wuB5Qw==",
      "peer": true,
      "dependencies": {
        "tslib": "^2.0.0"
      }
    }
  },
  "dependencies": {
    "@angular/cdk": {
      "version": "12.2.12",
      "resolved": "https://registry.npmjs.org/@angular/cdk/-/cdk-12.2.12.tgz",
      "integrity": "sha512-AK+74JZP95BDj9OJ1YUaRqPXkgs+oadTk7z+8omu1RcvDoUivouKxgODCQX5jI7rZeQIlnV49hEgBne07hYk4A==",
      "peer": true,
      "requires": {
        "parse5": "^5.0.0",
        "tslib": "^2.2.0"
      }
    },
    "@angular/common": {
      "version": "13.0.0",
      "resolved": "https://registry.npmjs.org/@angular/common/-/common-13.0.0.tgz",
      "integrity": "sha512-7KNu6fcNeX71nrOAs29T/PGdO0fAHaX0mtmobIBeIwMF9qY1fqc7a1Rssp6/dUe9XlADf2sXVtx5ZQ8c6bAMsA==",
      "peer": true,
      "requires": {
        "tslib": "^2.3.0"
      }
    },
    "@angular/core": {
      "version": "13.0.0",
      "resolved": "https://registry.npmjs.org/@angular/core/-/core-13.0.0.tgz",
      "integrity": "sha512-OU7VDJR4pN0yUUbhlLiHgkTK8kcJFccHMBEtx3TKenBMkFU3CRynSzz67M4zBmXHR15729/UloL/8xuvxKQsGQ==",
      "peer": true,
      "requires": {
        "tslib": "^2.3.0"
      }
    },
    "@angular/flex-layout": {
      "version": "12.0.0-beta.35",
      "resolved": "https://registry.npmjs.org/@angular/flex-layout/-/flex-layout-12.0.0-beta.35.tgz",
      "integrity": "sha512-nPi2MGDFuCacwWHqxF/G7lUJd2X99HbLjjUvKXnyLwyCIVgH1sfS52su2wYbVYWJRqAVAB2/VMlrtW8Khr8hDA==",
      "requires": {
        "tslib": "^2.1.0"
      }
    },
    "@angular/platform-browser": {
      "version": "13.0.0",
      "resolved": "https://registry.npmjs.org/@angular/platform-browser/-/platform-browser-13.0.0.tgz",
      "integrity": "sha512-3svk0R9UVDL0600Lf5sfFKcOrduKU17UIqrXm+iN0EBGCGostKfQb+GCFPJVZ0wUFJuXyHGovESIJX85uGhpHA==",
      "peer": true,
      "requires": {
        "tslib": "^2.3.0"
      }
    },
    "parse5": {
      "version": "5.1.1",
      "resolved": "https://registry.npmjs.org/parse5/-/parse5-5.1.1.tgz",
      "integrity": "sha512-ugq4DFI0Ptb+WWjAdOK16+u/nHfiIrcE+sh8kZMaM0WllQKLI9rOUq6c2b7cwPkXdzfQESqvoqK6ug7U/Yyzug==",
      "optional": true,
      "peer": true
    },
    "rxjs": {
      "version": "7.4.0",
      "resolved": "https://registry.npmjs.org/rxjs/-/rxjs-7.4.0.tgz",
      "integrity": "sha512-7SQDi7xeTMCJpqViXh8gL/lebcwlp3d831F05+9B44A4B0WfsEwUQHR64gsH1kvJ+Ep/J9K2+n1hVl1CsGN23w==",
      "peer": true,
      "requires": {
        "tslib": "~2.1.0"
      },
      "dependencies": {
        "tslib": {
          "version": "2.1.0",
          "resolved": "https://registry.npmjs.org/tslib/-/tslib-2.1.0.tgz",
          "integrity": "sha512-hcVC3wYEziELGGmEEXue7D75zbwIIVUMWAVbHItGPx0ziyXxrOMQx4rQEVEV45Ut/1IotuEvwqPopzIOkDMf0A==",
          "peer": true
        }
      }
    },
    "tslib": {
      "version": "2.3.1",
      "resolved": "https://registry.npmjs.org/tslib/-/tslib-2.3.1.tgz",
      "integrity": "sha512-77EbyPPpMz+FRFRuAFlWMtmgUWGe9UOG2Z25NqCwiIjRhOf5iKGuzSe5P2w1laq+FkRy4p+PCuVkJSGkzTEKVw=="
    },
    "zone.js": {
      "version": "0.11.4",
      "resolved": "https://registry.npmjs.org/zone.js/-/zone.js-0.11.4.tgz",
      "integrity": "sha512-DDh2Ab+A/B+9mJyajPjHFPWfYU1H+pdun4wnnk0OcQTNjem1XQSZ2CDW+rfZEUDjv5M19SBqAkjZi0x5wuB5Qw==",
      "peer": true,
      "requires": {
        "tslib": "^2.0.0"
      }
    }
  }
}
